#MicroXplorer Configuration settings - do not modify
ADC1.Channel-0\#ChannelRegularConversion=ADC_CHANNEL_0
ADC1.Channel-1\#ChannelRegularConversion=ADC_CHANNEL_1
ADC1.Channel-10\#ChannelRegularConversion=ADC_CHANNEL_12
ADC1.Channel-11\#ChannelRegularConversion=ADC_CHANNEL_13
ADC1.Channel-12\#ChannelRegularConversion=ADC_CHANNEL_14
ADC1.Channel-13\#ChannelRegularConversion=ADC_CHANNEL_15
ADC1.Channel-2\#ChannelRegularConversion=ADC_CHANNEL_2
ADC1.Channel-3\#ChannelRegularConversion=ADC_CHANNEL_3
ADC1.Channel-4\#ChannelRegularConversion=ADC_CHANNEL_4
ADC1.Channel-5\#ChannelRegularConversion=ADC_CHANNEL_5
ADC1.Channel-6\#ChannelRegularConversion=ADC_CHANNEL_6
ADC1.Channel-7\#ChannelRegularConversion=ADC_CHANNEL_7
ADC1.Channel-8\#ChannelRegularConversion=ADC_CHANNEL_8
ADC1.Channel-9\#ChannelRegularConversion=ADC_CHANNEL_9
ADC1.ContinuousConvMode=ENABLE
ADC1.DMAContinuousRequests=ENABLE
ADC1.DiscontinuousConvMode=DISABLE
ADC1.IPParameters=Rank-0\#ChannelRegularConversion,Channel-0\#ChannelRegularConversion,SamplingTime-0\#ChannelRegularConversion,NbrOfConversionFlag,master,ScanConvMode,DiscontinuousConvMode,ContinuousConvMode,DMAContinuousRequests,Rank-1\#ChannelRegularConversion,Channel-1\#ChannelRegularConversion,SamplingTime-1\#ChannelRegularConversion,Rank-2\#ChannelRegularConversion,Channel-2\#ChannelRegularConversion,SamplingTime-2\#ChannelRegularConversion,Rank-3\#ChannelRegularConversion,Channel-3\#ChannelRegularConversion,SamplingTime-3\#ChannelRegularConversion,Rank-4\#ChannelRegularConversion,Channel-4\#ChannelRegularConversion,SamplingTime-4\#ChannelRegularConversion,Rank-5\#ChannelRegularConversion,Channel-5\#ChannelRegularConversion,SamplingTime-5\#ChannelRegularConversion,Rank-6\#ChannelRegularConversion,Channel-6\#ChannelRegularConversion,SamplingTime-6\#ChannelRegularConversion,Rank-7\#ChannelRegularConversion,Channel-7\#ChannelRegularConversion,SamplingTime-7\#ChannelRegularConversion,Rank-8\#ChannelRegularConversion,Channel-8\#ChannelRegularConversion,SamplingTime-8\#ChannelRegularConversion,Rank-9\#ChannelRegularConversion,Channel-9\#ChannelRegularConversion,SamplingTime-9\#ChannelRegularConversion,Rank-10\#ChannelRegularConversion,Channel-10\#ChannelRegularConversion,SamplingTime-10\#ChannelRegularConversion,Rank-11\#ChannelRegularConversion,Channel-11\#ChannelRegularConversion,SamplingTime-11\#ChannelRegularConversion,Rank-12\#ChannelRegularConversion,Channel-12\#ChannelRegularConversion,SamplingTime-12\#ChannelRegularConversion,NbrOfConversion,Rank-13\#ChannelRegularConversion,Channel-13\#ChannelRegularConversion,SamplingTime-13\#ChannelRegularConversion
ADC1.NbrOfConversion=14
ADC1.NbrOfConversionFlag=1
ADC1.Rank-0\#ChannelRegularConversion=1
ADC1.Rank-1\#ChannelRegularConversion=2
ADC1.Rank-10\#ChannelRegularConversion=11
ADC1.Rank-11\#ChannelRegularConversion=12
ADC1.Rank-12\#ChannelRegularConversion=13
ADC1.Rank-13\#ChannelRegularConversion=14
ADC1.Rank-2\#ChannelRegularConversion=3
ADC1.Rank-3\#ChannelRegularConversion=4
ADC1.Rank-4\#ChannelRegularConversion=5
ADC1.Rank-5\#ChannelRegularConversion=6
ADC1.Rank-6\#ChannelRegularConversion=7
ADC1.Rank-7\#ChannelRegularConversion=8
ADC1.Rank-8\#ChannelRegularConversion=9
ADC1.Rank-9\#ChannelRegularConversion=10
ADC1.SamplingTime-0\#ChannelRegularConversion=ADC_SAMPLETIME_56CYCLES
ADC1.SamplingTime-1\#ChannelRegularConversion=ADC_SAMPLETIME_56CYCLES
ADC1.SamplingTime-10\#ChannelRegularConversion=ADC_SAMPLETIME_56CYCLES
ADC1.SamplingTime-11\#ChannelRegularConversion=ADC_SAMPLETIME_56CYCLES
ADC1.SamplingTime-12\#ChannelRegularConversion=ADC_SAMPLETIME_56CYCLES
ADC1.SamplingTime-13\#ChannelRegularConversion=ADC_SAMPLETIME_56CYCLES
ADC1.SamplingTime-2\#ChannelRegularConversion=ADC_SAMPLETIME_56CYCLES
ADC1.SamplingTime-3\#ChannelRegularConversion=ADC_SAMPLETIME_56CYCLES
ADC1.SamplingTime-4\#ChannelRegularConversion=ADC_SAMPLETIME_56CYCLES
ADC1.SamplingTime-5\#ChannelRegularConversion=ADC_SAMPLETIME_56CYCLES
ADC1.SamplingTime-6\#ChannelRegularConversion=ADC_SAMPLETIME_56CYCLES
ADC1.SamplingTime-7\#ChannelRegularConversion=ADC_SAMPLETIME_56CYCLES
ADC1.SamplingTime-8\#ChannelRegularConversion=ADC_SAMPLETIME_56CYCLES
ADC1.SamplingTime-9\#ChannelRegularConversion=ADC_SAMPLETIME_56CYCLES
ADC1.ScanConvMode=ENABLE
ADC1.master=1
Dma.ADC1.1.Direction=DMA_PERIPH_TO_MEMORY
Dma.ADC1.1.FIFOMode=DMA_FIFOMODE_DISABLE
Dma.ADC1.1.Instance=DMA2_Stream0
Dma.ADC1.1.MemDataAlignment=DMA_MDATAALIGN_HALFWORD
Dma.ADC1.1.MemInc=DMA_MINC_ENABLE
Dma.ADC1.1.Mode=DMA_CIRCULAR
Dma.ADC1.1.PeriphDataAlignment=DMA_PDATAALIGN_HALFWORD
Dma.ADC1.1.PeriphInc=DMA_PINC_DISABLE
Dma.ADC1.1.Priority=DMA_PRIORITY_LOW
Dma.ADC1.1.RequestParameters=Instance,Direction,PeriphInc,MemInc,PeriphDataAlignment,MemDataAlignment,Mode,Priority,FIFOMode
Dma.I2C1_TX.0.Direction=DMA_MEMORY_TO_PERIPH
Dma.I2C1_TX.0.FIFOMode=DMA_FIFOMODE_DISABLE
Dma.I2C1_TX.0.Instance=DMA1_Stream6
Dma.I2C1_TX.0.MemDataAlignment=DMA_MDATAALIGN_BYTE
Dma.I2C1_TX.0.MemInc=DMA_MINC_ENABLE
Dma.I2C1_TX.0.Mode=DMA_NORMAL
Dma.I2C1_TX.0.PeriphDataAlignment=DMA_PDATAALIGN_BYTE
Dma.I2C1_TX.0.PeriphInc=DMA_PINC_DISABLE
Dma.I2C1_TX.0.Priority=DMA_PRIORITY_LOW
Dma.I2C1_TX.0.RequestParameters=Instance,Direction,PeriphInc,MemInc,PeriphDataAlignment,MemDataAlignment,Mode,Priority,FIFOMode
Dma.Request0=I2C1_TX
Dma.Request1=ADC1
Dma.RequestsNb=2
File.Version=6
GPIO.groupedBy=Group By Peripherals
I2C2.I2C_Mode=I2C_Fast
I2C2.IPParameters=I2C_Mode
KeepUserPlacement=false
Mcu.Family=STM32F4
Mcu.IP0=ADC1
Mcu.IP1=DMA
Mcu.IP2=I2C1
Mcu.IP3=I2C2
Mcu.IP4=NVIC
Mcu.IP5=RCC
Mcu.IP6=SYS
Mcu.IP7=TIM2
Mcu.IP8=USART1
Mcu.IPNb=9
Mcu.Name=STM32F405RGTx
Mcu.Package=LQFP64
Mcu.Pin0=PC13-ANTI_TAMP
Mcu.Pin1=PC14-OSC32_IN
Mcu.Pin10=PA1
Mcu.Pin11=PA2
Mcu.Pin12=PA3
Mcu.Pin13=PA4
Mcu.Pin14=PA5
Mcu.Pin15=PA6
Mcu.Pin16=PA7
Mcu.Pin17=PC4
Mcu.Pin18=PC5
Mcu.Pin19=PB0
Mcu.Pin2=PC15-OSC32_OUT
Mcu.Pin20=PB1
Mcu.Pin21=PB10
Mcu.Pin22=PB11
Mcu.Pin23=PB12
Mcu.Pin24=PB13
Mcu.Pin25=PB14
Mcu.Pin26=PB15
Mcu.Pin27=PC6
Mcu.Pin28=PC7
Mcu.Pin29=PC8
Mcu.Pin3=PH0-OSC_IN
Mcu.Pin30=PC9
Mcu.Pin31=PA8
Mcu.Pin32=PA9
Mcu.Pin33=PA10
Mcu.Pin34=PA11
Mcu.Pin35=PA12
Mcu.Pin36=PA13
Mcu.Pin37=PA14
Mcu.Pin38=PA15
Mcu.Pin39=PC10
Mcu.Pin4=PH1-OSC_OUT
Mcu.Pin40=PC11
Mcu.Pin41=PC12
Mcu.Pin42=PD2
Mcu.Pin43=PB3
Mcu.Pin44=PB4
Mcu.Pin45=PB5
Mcu.Pin46=PB6
Mcu.Pin47=PB7
Mcu.Pin48=PB8
Mcu.Pin49=PB9
Mcu.Pin5=PC0
Mcu.Pin50=VP_SYS_VS_Systick
Mcu.Pin51=VP_TIM2_VS_ClockSourceINT
Mcu.Pin6=PC1
Mcu.Pin7=PC2
Mcu.Pin8=PC3
Mcu.Pin9=PA0-WKUP
Mcu.PinsNb=52
Mcu.ThirdPartyNb=0
Mcu.UserConstants=
Mcu.UserName=STM32F405RGTx
MxCube.Version=6.4.0
MxDb.Version=DB.6.0.40
NVIC.ADC_IRQn=true\:0\:0\:false\:false\:true\:true\:true
NVIC.BusFault_IRQn=true\:0\:0\:false\:false\:true\:false\:false
NVIC.DMA1_Stream6_IRQn=true\:0\:0\:false\:false\:true\:false\:true
NVIC.DMA2_Stream0_IRQn=true\:0\:0\:false\:false\:true\:false\:true
NVIC.DebugMonitor_IRQn=true\:0\:0\:false\:false\:true\:false\:false
NVIC.ForceEnableDMAVector=true
NVIC.HardFault_IRQn=true\:0\:0\:false\:false\:true\:false\:false
NVIC.I2C1_ER_IRQn=true\:0\:0\:false\:false\:true\:true\:true
NVIC.I2C1_EV_IRQn=true\:0\:0\:false\:false\:true\:true\:true
NVIC.MemoryManagement_IRQn=true\:0\:0\:false\:false\:true\:false\:false
NVIC.NonMaskableInt_IRQn=true\:0\:0\:false\:false\:true\:false\:false
NVIC.PendSV_IRQn=true\:0\:0\:false\:false\:true\:false\:false
NVIC.PriorityGroup=NVIC_PRIORITYGROUP_4
NVIC.SVCall_IRQn=true\:0\:0\:false\:false\:true\:false\:false
NVIC.SysTick_IRQn=true\:0\:0\:false\:false\:true\:false\:true
NVIC.UsageFault_IRQn=true\:0\:0\:false\:false\:true\:false\:false
PA0-WKUP.Locked=true
PA0-WKUP.Signal=ADCx_IN0
PA1.Locked=true
PA1.Signal=ADCx_IN1
PA10.Mode=Asynchronous
PA10.Signal=USART1_RX
PA11.GPIOParameters=GPIO_PuPd,GPIO_Label,GPIO_Mode
PA11.GPIO_Label=IN_ETH_RXP
PA11.GPIO_Mode=GPIO_MODE_INPUT
PA11.GPIO_PuPd=GPIO_NOPULL
PA11.Locked=true
PA11.Signal=GPIO_Input
PA12.GPIOParameters=GPIO_PuPd,GPIO_Label,GPIO_Mode
PA12.GPIO_Label=IN_ETH_TXN
PA12.GPIO_Mode=GPIO_MODE_INPUT
PA12.GPIO_PuPd=GPIO_NOPULL
PA12.Locked=true
PA12.Signal=GPIO_Input
PA13.Mode=Serial_Wire
PA13.Signal=SYS_JTMS-SWDIO
PA14.Mode=Serial_Wire
PA14.Signal=SYS_JTCK-SWCLK
PA15.GPIOParameters=GPIO_PuPd,GPIO_Label,GPIO_Mode
PA15.GPIO_Label=IN_ETH_TXP
PA15.GPIO_Mode=GPIO_MODE_INPUT
PA15.GPIO_PuPd=GPIO_NOPULL
PA15.Locked=true
PA15.Signal=GPIO_Input
PA2.Locked=true
PA2.Signal=ADCx_IN2
PA3.Locked=true
PA3.Signal=ADCx_IN3
PA4.Locked=true
PA4.Signal=ADCx_IN4
PA5.Locked=true
PA5.Signal=ADCx_IN5
PA6.Locked=true
PA6.Signal=ADCx_IN6
PA7.Locked=true
PA7.Signal=ADCx_IN7
PA8.GPIOParameters=GPIO_PuPd,GPIO_Label,GPIO_Mode
PA8.GPIO_Label=IN_ETH_RXN
PA8.GPIO_Mode=GPIO_MODE_INPUT
PA8.GPIO_PuPd=GPIO_NOPULL
PA8.Locked=true
PA8.Signal=GPIO_Input
PA9.Mode=Asynchronous
PA9.Signal=USART1_TX
PB0.Locked=true
PB0.Signal=ADCx_IN8
PB1.Locked=true
PB1.Signal=ADCx_IN9
PB10.Locked=true
PB10.Mode=I2C
PB10.Signal=I2C2_SCL
PB11.Locked=true
PB11.Mode=I2C
PB11.Signal=I2C2_SDA
PB12.GPIOParameters=GPIO_Label
PB12.GPIO_Label=OUT_FFC_ETH_TXN
PB12.Locked=true
PB12.Signal=GPIO_Output
PB13.GPIOParameters=GPIO_Label
PB13.GPIO_Label=OUT_FFC_ETH_RXP
PB13.Locked=true
PB13.Signal=GPIO_Output
PB14.GPIOParameters=GPIO_Label
PB14.GPIO_Label=OUT_FFC_ETH_RXN
PB14.Locked=true
PB14.Signal=GPIO_Output
PB15.GPIOParameters=GPIO_Label
PB15.GPIO_Label=OUT_FFC_USB_DN
PB15.Locked=true
PB15.Signal=GPIO_Output
PB3.GPIOParameters=GPIO_Label
PB3.GPIO_Label=OUT_FFC_UART_TX
PB3.Locked=true
PB3.Signal=GPIO_Output
PB4.GPIOParameters=GPIO_Label
PB4.GPIO_Label=OUT_FFC_UART_RX
PB4.Locked=true
PB4.Signal=GPIO_Output
PB5.GPIOParameters=GPIO_Label
PB5.GPIO_Label=OUT_FFC_CANH
PB5.Locked=true
PB5.Signal=GPIO_Output
PB6.Locked=true
PB6.Mode=I2C
PB6.Signal=I2C1_SCL
PB7.Locked=true
PB7.Mode=I2C
PB7.Signal=I2C1_SDA
PB8.GPIOParameters=GPIO_Label
PB8.GPIO_Label=OUT_FFC_CANL
PB8.Locked=true
PB8.Signal=GPIO_Output
PB9.GPIOParameters=GPIO_Label
PB9.GPIO_Label=OUT_FFC_ETH_TXP
PB9.Locked=true
PB9.Signal=GPIO_Output
PC0.GPIOParameters=GPIO_PuPd,GPIO_Label,GPIO_Mode
PC0.GPIO_Label=IN_COM_RX
PC0.GPIO_Mode=GPIO_MODE_INPUT
PC0.GPIO_PuPd=GPIO_NOPULL
PC0.Locked=true
PC0.Signal=GPIO_Input
PC1.GPIOParameters=GPIO_PuPd,GPIO_Label,GPIO_Mode
PC1.GPIO_Label=IN_COM_TX
PC1.GPIO_Mode=GPIO_MODE_INPUT
PC1.GPIO_PuPd=GPIO_NOPULL
PC1.Locked=true
PC1.Signal=GPIO_Input
PC10.GPIOParameters=GPIO_PuPd,GPIO_Label,GPIO_Mode
PC10.GPIO_Label=IN_CANL
PC10.GPIO_Mode=GPIO_MODE_INPUT
PC10.GPIO_PuPd=GPIO_NOPULL
PC10.Locked=true
PC10.Signal=GPIO_Input
PC11.GPIOParameters=GPIO_PuPd,GPIO_Label,GPIO_Mode
PC11.GPIO_Label=IN_CANH
PC11.GPIO_Mode=GPIO_MODE_INPUT
PC11.GPIO_PuPd=GPIO_NOPULL
PC11.Locked=true
PC11.Signal=GPIO_Input
PC12.GPIOParameters=GPIO_PuPd,GPIO_Label,GPIO_Mode
PC12.GPIO_Label=IN_GPS_PPS
PC12.GPIO_Mode=GPIO_MODE_INPUT
PC12.GPIO_PuPd=GPIO_NOPULL
PC12.Locked=true
PC12.Signal=GPIO_Input
PC13-ANTI_TAMP.GPIOParameters=GPIO_PuPd,GPIO_Label,GPIO_Mode
PC13-ANTI_TAMP.GPIO_Label=IN_CAPTURE
PC13-ANTI_TAMP.GPIO_Mode=GPIO_MODE_INPUT
PC13-ANTI_TAMP.GPIO_PuPd=GPIO_NOPULL
PC13-ANTI_TAMP.Locked=true
PC13-ANTI_TAMP.Signal=GPIO_Input
PC14-OSC32_IN.GPIOParameters=GPIO_PuPd,GPIO_Label,GPIO_Mode
PC14-OSC32_IN.GPIO_Label=IN_TRIG
PC14-OSC32_IN.GPIO_Mode=GPIO_MODE_INPUT
PC14-OSC32_IN.GPIO_PuPd=GPIO_NOPULL
PC14-OSC32_IN.Locked=true
PC14-OSC32_IN.Signal=GPIO_Input
PC15-OSC32_OUT.GPIOParameters=GPIO_PuPd,GPIO_Label,GPIO_Mode
PC15-OSC32_OUT.GPIO_Label=BTN
PC15-OSC32_OUT.GPIO_Mode=GPIO_MODE_INPUT
PC15-OSC32_OUT.GPIO_PuPd=GPIO_PULLUP
PC15-OSC32_OUT.Locked=true
PC15-OSC32_OUT.Signal=GPIO_Input
PC2.Locked=true
PC2.Signal=ADCx_IN12
PC3.Locked=true
PC3.Signal=ADCx_IN13
PC4.Locked=true
PC4.Signal=ADCx_IN14
PC5.Locked=true
PC5.Signal=ADCx_IN15
PC6.GPIOParameters=GPIO_PuPd,GPIO_Label,GPIO_Mode
PC6.GPIO_Label=IN_PGND3
PC6.GPIO_Mode=GPIO_MODE_INPUT
PC6.GPIO_PuPd=GPIO_PULLDOWN
PC6.Locked=true
PC6.Signal=GPIO_Input
PC7.GPIOParameters=GPIO_PuPd,GPIO_Label,GPIO_Mode
PC7.GPIO_Label=IN_PGND2
PC7.GPIO_Mode=GPIO_MODE_INPUT
PC7.GPIO_PuPd=GPIO_PULLDOWN
PC7.Locked=true
PC7.Signal=GPIO_Input
PC8.GPIOParameters=GPIO_PuPd,GPIO_Label,GPIO_Mode
PC8.GPIO_Label=IN_USB_DP
PC8.GPIO_Mode=GPIO_MODE_INPUT
PC8.GPIO_PuPd=GPIO_NOPULL
PC8.Locked=true
PC8.Signal=GPIO_Input
PC9.GPIOParameters=GPIO_PuPd,GPIO_Label,GPIO_Mode
PC9.GPIO_Label=IN_USB_DN
PC9.GPIO_Mode=GPIO_MODE_INPUT
PC9.GPIO_PuPd=GPIO_NOPULL
PC9.Locked=true
PC9.Signal=GPIO_Input
PD2.GPIOParameters=GPIO_Label
PD2.GPIO_Label=OUT_FFC_USB_DP
PD2.Locked=true
PD2.Signal=GPIO_Output
PH0-OSC_IN.Mode=HSE-External-Oscillator
PH0-OSC_IN.Signal=RCC_OSC_IN
PH1-OSC_OUT.Mode=HSE-External-Oscillator
PH1-OSC_OUT.Signal=RCC_OSC_OUT
PinOutPanel.RotationAngle=0
ProjectManager.AskForMigrate=true
ProjectManager.BackupPrevious=false
ProjectManager.CompilerOptimize=6
ProjectManager.ComputerToolchain=false
ProjectManager.CoupleFile=false
ProjectManager.CustomerFirmwarePackage=
ProjectManager.DefaultFWLocation=true
ProjectManager.DeletePrevious=true
ProjectManager.DeviceId=STM32F405RGTx
ProjectManager.FirmwarePackage=STM32Cube FW_F4 V1.26.2
ProjectManager.FreePins=false
ProjectManager.HalAssertFull=false
ProjectManager.HeapSize=0x2000
ProjectManager.KeepUserCode=true
ProjectManager.LastFirmware=true
ProjectManager.LibraryCopy=1
ProjectManager.MainLocation=Core/Src
ProjectManager.NoMain=false
ProjectManager.PreviousToolchain=STM32CubeIDE
ProjectManager.ProjectBuild=false
ProjectManager.ProjectFileName=Jig_PEHub.ioc
ProjectManager.ProjectName=Jig_PEHub
ProjectManager.RegisterCallBack=
ProjectManager.StackSize=0x1000
ProjectManager.TargetToolchain=STM32CubeIDE
ProjectManager.ToolChainLocation=
ProjectManager.UnderRoot=true
ProjectManager.functionlistsort=1-MX_GPIO_Init-GPIO-false-HAL-true,2-MX_DMA_Init-DMA-false-HAL-true,3-SystemClock_Config-RCC-false-HAL-false,4-MX_TIM2_Init-TIM2-false-HAL-true,5-MX_I2C1_Init-I2C1-false-HAL-true,6-MX_I2C2_Init-I2C2-false-HAL-true,7-MX_USART1_UART_Init-USART1-false-HAL-true,8-MX_ADC1_Init-ADC1-false-HAL-true
RCC.48MHZClocksFreq_Value=84000000
RCC.AHBFreq_Value=168000000
RCC.APB1CLKDivider=RCC_HCLK_DIV4
RCC.APB1Freq_Value=42000000
RCC.APB1TimFreq_Value=84000000
RCC.APB2CLKDivider=RCC_HCLK_DIV2
RCC.APB2Freq_Value=84000000
RCC.APB2TimFreq_Value=168000000
RCC.CortexFreq_Value=168000000
RCC.EthernetFreq_Value=168000000
RCC.FCLKCortexFreq_Value=168000000
RCC.FamilyName=M
RCC.HCLKFreq_Value=168000000
RCC.HSE_VALUE=8000000
RCC.HSI_VALUE=16000000
RCC.I2SClocksFreq_Value=192000000
RCC.IPParameters=48MHZClocksFreq_Value,AHBFreq_Value,APB1CLKDivider,APB1Freq_Value,APB1TimFreq_Value,APB2CLKDivider,APB2Freq_Value,APB2TimFreq_Value,CortexFreq_Value,EthernetFreq_Value,FCLKCortexFreq_Value,FamilyName,HCLKFreq_Value,HSE_VALUE,HSI_VALUE,I2SClocksFreq_Value,LSE_VALUE,LSI_VALUE,MCO2PinFreq_Value,PLLCLKFreq_Value,PLLM,PLLN,PLLQCLKFreq_Value,PLLSourceVirtual,RTCFreq_Value,RTCHSEDivFreq_Value,SYSCLKFreq_VALUE,SYSCLKSource,VCOI2SOutputFreq_Value,VCOInputFreq_Value,VCOOutputFreq_Value,VcooutputI2S
RCC.LSE_VALUE=32768
RCC.LSI_VALUE=32000
RCC.MCO2PinFreq_Value=168000000
RCC.PLLCLKFreq_Value=168000000
RCC.PLLM=4
RCC.PLLN=168
RCC.PLLQCLKFreq_Value=84000000
RCC.PLLSourceVirtual=RCC_PLLSOURCE_HSE
RCC.RTCFreq_Value=32000
RCC.RTCHSEDivFreq_Value=4000000
RCC.SYSCLKFreq_VALUE=168000000
RCC.SYSCLKSource=RCC_SYSCLKSOURCE_PLLCLK
RCC.VCOI2SOutputFreq_Value=384000000
RCC.VCOInputFreq_Value=2000000
RCC.VCOOutputFreq_Value=336000000
RCC.VcooutputI2S=192000000
SH.ADCx_IN0.0=ADC1_IN0,IN0
SH.ADCx_IN0.ConfNb=1
SH.ADCx_IN1.0=ADC1_IN1,IN1
SH.ADCx_IN1.ConfNb=1
SH.ADCx_IN12.0=ADC1_IN12,IN12
SH.ADCx_IN12.ConfNb=1
SH.ADCx_IN13.0=ADC1_IN13,IN13
SH.ADCx_IN13.ConfNb=1
SH.ADCx_IN14.0=ADC1_IN14,IN14
SH.ADCx_IN14.ConfNb=1
SH.ADCx_IN15.0=ADC1_IN15,IN15
SH.ADCx_IN15.ConfNb=1
SH.ADCx_IN2.0=ADC1_IN2,IN2
SH.ADCx_IN2.ConfNb=1
SH.ADCx_IN3.0=ADC1_IN3,IN3
SH.ADCx_IN3.ConfNb=1
SH.ADCx_IN4.0=ADC1_IN4,IN4
SH.ADCx_IN4.ConfNb=1
SH.ADCx_IN5.0=ADC1_IN5,IN5
SH.ADCx_IN5.ConfNb=1
SH.ADCx_IN6.0=ADC1_IN6,IN6
SH.ADCx_IN6.ConfNb=1
SH.ADCx_IN7.0=ADC1_IN7,IN7
SH.ADCx_IN7.ConfNb=1
SH.ADCx_IN8.0=ADC1_IN8,IN8
SH.ADCx_IN8.ConfNb=1
SH.ADCx_IN9.0=ADC1_IN9,IN9
SH.ADCx_IN9.ConfNb=1
TIM2.Channel-PWM\ Generation1\ CH1=TIM_CHANNEL_1
TIM2.Channel-PWM\ Generation2\ CH2=TIM_CHANNEL_2
TIM2.Channel-PWM\ Generation3\ CH3=TIM_CHANNEL_3
TIM2.IPParameters=Period,Prescaler,Channel-PWM Generation1 CH1,Channel-PWM Generation2 CH2,Channel-PWM Generation3 CH3
TIM2.IPParametersWithoutCheck=Prescaler
TIM2.Period=0xFFFFFFFF
TIM2.Prescaler=(84000000/1000000 - 1)
USART1.IPParameters=VirtualMode
USART1.VirtualMode=VM_ASYNC
VP_SYS_VS_Systick.Mode=SysTick
VP_SYS_VS_Systick.Signal=SYS_VS_Systick
VP_TIM2_VS_ClockSourceINT.Mode=Internal
VP_TIM2_VS_ClockSourceINT.Signal=TIM2_VS_ClockSourceINT
board=custom
isbadioc=false
